// !$*UTF8*$!
{
	archiveVersion = 1;
	classes = {
	};
	objectVersion = 46;
	objects = {

/* Begin PBXBuildFile section */
		27052FF41AAAB412008DEB31 /* VeriJSON.swift in Sources */ = {isa = PBXBuildFile; fileRef = 27052FF31AAAB412008DEB31 /* VeriJSON.swift */; };
		27052FF51AAAB412008DEB31 /* VeriJSON.swift in Sources */ = {isa = PBXBuildFile; fileRef = 27052FF31AAAB412008DEB31 /* VeriJSON.swift */; };
		270530451AAAB67E008DEB31 /* ArrayOf0Strings.json in Resources */ = {isa = PBXBuildFile; fileRef = 27052FF81AAAB67E008DEB31 /* ArrayOf0Strings.json */; };
		270530461AAAB67E008DEB31 /* ArrayOf1String.json in Resources */ = {isa = PBXBuildFile; fileRef = 27052FF91AAAB67E008DEB31 /* ArrayOf1String.json */; };
		270530471AAAB67E008DEB31 /* ArrayOf2Strings.json in Resources */ = {isa = PBXBuildFile; fileRef = 27052FFA1AAAB67E008DEB31 /* ArrayOf2Strings.json */; };
		270530481AAAB67E008DEB31 /* ArrayOfStringsAndNumbers.json in Resources */ = {isa = PBXBuildFile; fileRef = 27052FFB1AAAB67E008DEB31 /* ArrayOfStringsAndNumbers.json */; };
		270530491AAAB67E008DEB31 /* ArrayOfStringsPattern.json in Resources */ = {isa = PBXBuildFile; fileRef = 27052FFC1AAAB67E008DEB31 /* ArrayOfStringsPattern.json */; };
		2705304A1AAAB67E008DEB31 /* ArrayPatternWithBadType.json in Resources */ = {isa = PBXBuildFile; fileRef = 27052FFD1AAAB67E008DEB31 /* ArrayPatternWithBadType.json */; };
		2705304B1AAAB67E008DEB31 /* ExtraAttributes.json in Resources */ = {isa = PBXBuildFile; fileRef = 27052FFE1AAAB67E008DEB31 /* ExtraAttributes.json */; };
		2705304C1AAAB67E008DEB31 /* MissingAttributes.json in Resources */ = {isa = PBXBuildFile; fileRef = 27052FFF1AAAB67E008DEB31 /* MissingAttributes.json */; };
		2705304D1AAAB67E008DEB31 /* ObjectWithBool.json in Resources */ = {isa = PBXBuildFile; fileRef = 270530001AAAB67E008DEB31 /* ObjectWithBool.json */; };
		2705304E1AAAB67E008DEB31 /* ObjectWithBoolAsNumber.json in Resources */ = {isa = PBXBuildFile; fileRef = 270530011AAAB67E008DEB31 /* ObjectWithBoolAsNumber.json */; };
		2705304F1AAAB67E008DEB31 /* ObjectWithBoolInvalid.json in Resources */ = {isa = PBXBuildFile; fileRef = 270530021AAAB67E008DEB31 /* ObjectWithBoolInvalid.json */; };
		270530501AAAB67E008DEB31 /* ObjectWithBoolPattern.json in Resources */ = {isa = PBXBuildFile; fileRef = 270530031AAAB67E008DEB31 /* ObjectWithBoolPattern.json */; };
		270530511AAAB67E008DEB31 /* ObjectWithColor.json in Resources */ = {isa = PBXBuildFile; fileRef = 270530041AAAB67E008DEB31 /* ObjectWithColor.json */; };
		270530521AAAB67E008DEB31 /* ObjectWithColorInvalid.json in Resources */ = {isa = PBXBuildFile; fileRef = 270530051AAAB67E008DEB31 /* ObjectWithColorInvalid.json */; };
		270530531AAAB67E008DEB31 /* ObjectWithColorInvalidNumber.json in Resources */ = {isa = PBXBuildFile; fileRef = 270530061AAAB67E008DEB31 /* ObjectWithColorInvalidNumber.json */; };
		270530541AAAB67E008DEB31 /* ObjectWithColorNumber.json in Resources */ = {isa = PBXBuildFile; fileRef = 270530071AAAB67E008DEB31 /* ObjectWithColorNumber.json */; };
		270530551AAAB67E008DEB31 /* ObjectWithColorPattern.json in Resources */ = {isa = PBXBuildFile; fileRef = 270530081AAAB67E008DEB31 /* ObjectWithColorPattern.json */; };
		270530561AAAB67E008DEB31 /* ObjectWithDateString.json in Resources */ = {isa = PBXBuildFile; fileRef = 270530091AAAB67E008DEB31 /* ObjectWithDateString.json */; };
		270530571AAAB67E008DEB31 /* ObjectWithDateStringInvalid.json in Resources */ = {isa = PBXBuildFile; fileRef = 2705300A1AAAB67E008DEB31 /* ObjectWithDateStringInvalid.json */; };
		270530581AAAB67E008DEB31 /* ObjectWithDateStringPattern.json in Resources */ = {isa = PBXBuildFile; fileRef = 2705300B1AAAB67E008DEB31 /* ObjectWithDateStringPattern.json */; };
		270530591AAAB67E008DEB31 /* ObjectWithEmail.json in Resources */ = {isa = PBXBuildFile; fileRef = 2705300C1AAAB67E008DEB31 /* ObjectWithEmail.json */; };
		2705305A1AAAB67E008DEB31 /* ObjectWithEmailInvalid.json in Resources */ = {isa = PBXBuildFile; fileRef = 2705300D1AAAB67E008DEB31 /* ObjectWithEmailInvalid.json */; };
		2705305B1AAAB67E008DEB31 /* ObjectWithEmailInvalid2.json in Resources */ = {isa = PBXBuildFile; fileRef = 2705300E1AAAB67E008DEB31 /* ObjectWithEmailInvalid2.json */; };
		2705305C1AAAB67E008DEB31 /* ObjectWithEmailInvalidEmpty.json in Resources */ = {isa = PBXBuildFile; fileRef = 2705300F1AAAB67E008DEB31 /* ObjectWithEmailInvalidEmpty.json */; };
		2705305D1AAAB67E008DEB31 /* ObjectWithEmailPattern.json in Resources */ = {isa = PBXBuildFile; fileRef = 270530101AAAB67E008DEB31 /* ObjectWithEmailPattern.json */; };
		2705305E1AAAB67E008DEB31 /* ObjectWithHTTPSURL.json in Resources */ = {isa = PBXBuildFile; fileRef = 270530111AAAB67E008DEB31 /* ObjectWithHTTPSURL.json */; };
		2705305F1AAAB67E008DEB31 /* ObjectWithHTTPSURLUppercaseScheme.json in Resources */ = {isa = PBXBuildFile; fileRef = 270530121AAAB67E008DEB31 /* ObjectWithHTTPSURLUppercaseScheme.json */; };
		270530601AAAB67E008DEB31 /* ObjectWithHTTPURL.json in Resources */ = {isa = PBXBuildFile; fileRef = 270530131AAAB67E008DEB31 /* ObjectWithHTTPURL.json */; };
		270530611AAAB67E008DEB31 /* ObjectWithHTTPURLPattern.json in Resources */ = {isa = PBXBuildFile; fileRef = 270530141AAAB67E008DEB31 /* ObjectWithHTTPURLPattern.json */; };
		270530621AAAB67E008DEB31 /* ObjectWithHTTPURLUppercaseScheme.json in Resources */ = {isa = PBXBuildFile; fileRef = 270530151AAAB67E008DEB31 /* ObjectWithHTTPURLUppercaseScheme.json */; };
		270530631AAAB67E008DEB31 /* ObjectWithMultipleTypeArray.json in Resources */ = {isa = PBXBuildFile; fileRef = 270530161AAAB67E008DEB31 /* ObjectWithMultipleTypeArray.json */; };
		270530641AAAB67E008DEB31 /* ObjectWithMultipleTypeInt.json in Resources */ = {isa = PBXBuildFile; fileRef = 270530171AAAB67E008DEB31 /* ObjectWithMultipleTypeInt.json */; };
		270530651AAAB67E008DEB31 /* ObjectWithMultipleTypePattern.json in Resources */ = {isa = PBXBuildFile; fileRef = 270530181AAAB67E008DEB31 /* ObjectWithMultipleTypePattern.json */; };
		270530661AAAB67E008DEB31 /* ObjectWithMultipleTypeString.json in Resources */ = {isa = PBXBuildFile; fileRef = 270530191AAAB67E008DEB31 /* ObjectWithMultipleTypeString.json */; };
		270530671AAAB67E008DEB31 /* ObjectWithNonNullArray.json in Resources */ = {isa = PBXBuildFile; fileRef = 2705301A1AAAB67E008DEB31 /* ObjectWithNonNullArray.json */; };
		270530681AAAB67E008DEB31 /* ObjectWithNonObject.json in Resources */ = {isa = PBXBuildFile; fileRef = 2705301B1AAAB67E008DEB31 /* ObjectWithNonObject.json */; };
		270530691AAAB67E008DEB31 /* ObjectWithNullArray.json in Resources */ = {isa = PBXBuildFile; fileRef = 2705301C1AAAB67E008DEB31 /* ObjectWithNullArray.json */; };
		2705306A1AAAB67E008DEB31 /* ObjectWithNullString.json in Resources */ = {isa = PBXBuildFile; fileRef = 2705301D1AAAB67E008DEB31 /* ObjectWithNullString.json */; };
		2705306B1AAAB67E008DEB31 /* ObjectWithNumber.json in Resources */ = {isa = PBXBuildFile; fileRef = 2705301E1AAAB67E008DEB31 /* ObjectWithNumber.json */; };
		2705306C1AAAB67E008DEB31 /* ObjectWithNumberInRange.json in Resources */ = {isa = PBXBuildFile; fileRef = 2705301F1AAAB67E008DEB31 /* ObjectWithNumberInRange.json */; };
		2705306D1AAAB67E008DEB31 /* ObjectWithNumberInvalid.json in Resources */ = {isa = PBXBuildFile; fileRef = 270530201AAAB67E008DEB31 /* ObjectWithNumberInvalid.json */; };
		2705306E1AAAB67E008DEB31 /* ObjectWithNumberNotInRange.json in Resources */ = {isa = PBXBuildFile; fileRef = 270530211AAAB67E008DEB31 /* ObjectWithNumberNotInRange.json */; };
		2705306F1AAAB67E008DEB31 /* ObjectWithNumberPattern.json in Resources */ = {isa = PBXBuildFile; fileRef = 270530221AAAB67E008DEB31 /* ObjectWithNumberPattern.json */; };
		270530701AAAB67E008DEB31 /* ObjectWithNumberRangePattern.json in Resources */ = {isa = PBXBuildFile; fileRef = 270530231AAAB67E008DEB31 /* ObjectWithNumberRangePattern.json */; };
		270530711AAAB67E008DEB31 /* ObjectWithObject.json in Resources */ = {isa = PBXBuildFile; fileRef = 270530241AAAB67E008DEB31 /* ObjectWithObject.json */; };
		270530721AAAB67E008DEB31 /* ObjectWithObjectInvalid.json in Resources */ = {isa = PBXBuildFile; fileRef = 270530251AAAB67E008DEB31 /* ObjectWithObjectInvalid.json */; };
		270530731AAAB67E008DEB31 /* ObjectWithObjectPattern.json in Resources */ = {isa = PBXBuildFile; fileRef = 270530261AAAB67E008DEB31 /* ObjectWithObjectPattern.json */; };
		270530741AAAB67E008DEB31 /* ObjectWithOptionalArrayPattern.json in Resources */ = {isa = PBXBuildFile; fileRef = 270530271AAAB67E008DEB31 /* ObjectWithOptionalArrayPattern.json */; };
		270530751AAAB67E008DEB31 /* ObjectWithOptionalStringPattern.json in Resources */ = {isa = PBXBuildFile; fileRef = 270530281AAAB67E008DEB31 /* ObjectWithOptionalStringPattern.json */; };
		270530761AAAB67E008DEB31 /* ObjectWithString.json in Resources */ = {isa = PBXBuildFile; fileRef = 270530291AAAB67E008DEB31 /* ObjectWithString.json */; };
		270530771AAAB67E008DEB31 /* ObjectWithStringInvalid.json in Resources */ = {isa = PBXBuildFile; fileRef = 2705302A1AAAB67E008DEB31 /* ObjectWithStringInvalid.json */; };
		270530781AAAB67E008DEB31 /* ObjectWithStringPattern.json in Resources */ = {isa = PBXBuildFile; fileRef = 2705302B1AAAB67E008DEB31 /* ObjectWithStringPattern.json */; };
		270530791AAAB67E008DEB31 /* ObjectWithURL.json in Resources */ = {isa = PBXBuildFile; fileRef = 2705302C1AAAB67E008DEB31 /* ObjectWithURL.json */; };
		2705307A1AAAB67E008DEB31 /* ObjectWithURLInvalid.json in Resources */ = {isa = PBXBuildFile; fileRef = 2705302D1AAAB67E008DEB31 /* ObjectWithURLInvalid.json */; };
		2705307B1AAAB67E008DEB31 /* ObjectWithURLInvalidEmpty.json in Resources */ = {isa = PBXBuildFile; fileRef = 2705302E1AAAB67E008DEB31 /* ObjectWithURLInvalidEmpty.json */; };
		2705307C1AAAB67E008DEB31 /* ObjectWithURLInvalidWhitespace.json in Resources */ = {isa = PBXBuildFile; fileRef = 2705302F1AAAB67E008DEB31 /* ObjectWithURLInvalidWhitespace.json */; };
		2705307D1AAAB67E008DEB31 /* ObjectWithURLNonString.json in Resources */ = {isa = PBXBuildFile; fileRef = 270530301AAAB67E008DEB31 /* ObjectWithURLNonString.json */; };
		2705307E1AAAB67E008DEB31 /* ObjectWithURLPattern.json in Resources */ = {isa = PBXBuildFile; fileRef = 270530311AAAB67E008DEB31 /* ObjectWithURLPattern.json */; };
		2705307F1AAAB67E008DEB31 /* ObjectWithURLRelative.json in Resources */ = {isa = PBXBuildFile; fileRef = 270530321AAAB67E008DEB31 /* ObjectWithURLRelative.json */; };
		270530801AAAB67E008DEB31 /* ObjectWithWildcardInvalid.json in Resources */ = {isa = PBXBuildFile; fileRef = 270530331AAAB67E008DEB31 /* ObjectWithWildcardInvalid.json */; };
		270530811AAAB67E008DEB31 /* ObjectWithWildcardPattern.json in Resources */ = {isa = PBXBuildFile; fileRef = 270530341AAAB67E008DEB31 /* ObjectWithWildcardPattern.json */; };
		270530821AAAB67E008DEB31 /* ObjectWithWildcardValid.json in Resources */ = {isa = PBXBuildFile; fileRef = 270530351AAAB67E008DEB31 /* ObjectWithWildcardValid.json */; };
		270530831AAAB67E008DEB31 /* RealisticObject.json in Resources */ = {isa = PBXBuildFile; fileRef = 270530361AAAB67E008DEB31 /* RealisticObject.json */; };
		270530841AAAB67E008DEB31 /* RealisticObjectOptional.json in Resources */ = {isa = PBXBuildFile; fileRef = 270530371AAAB67E008DEB31 /* RealisticObjectOptional.json */; };
		270530851AAAB67E008DEB31 /* RealisticObjectOptionalWrongType.json in Resources */ = {isa = PBXBuildFile; fileRef = 270530381AAAB67E008DEB31 /* RealisticObjectOptionalWrongType.json */; };
		270530861AAAB67E008DEB31 /* RealisticObjectPattern.json in Resources */ = {isa = PBXBuildFile; fileRef = 270530391AAAB67E008DEB31 /* RealisticObjectPattern.json */; };
		270530871AAAB67E008DEB31 /* RealisticObjectPatternInvalid.json in Resources */ = {isa = PBXBuildFile; fileRef = 2705303A1AAAB67E008DEB31 /* RealisticObjectPatternInvalid.json */; };
		270530881AAAB67E008DEB31 /* RealisticObjectPatternOptional.json in Resources */ = {isa = PBXBuildFile; fileRef = 2705303B1AAAB67E008DEB31 /* RealisticObjectPatternOptional.json */; };
		270530891AAAB67E008DEB31 /* SimpleArray.json in Resources */ = {isa = PBXBuildFile; fileRef = 2705303C1AAAB67E008DEB31 /* SimpleArray.json */; };
		2705308A1AAAB67E008DEB31 /* SimpleArrayPattern.json in Resources */ = {isa = PBXBuildFile; fileRef = 2705303D1AAAB67E008DEB31 /* SimpleArrayPattern.json */; };
		2705308B1AAAB67E008DEB31 /* SimpleObject.json in Resources */ = {isa = PBXBuildFile; fileRef = 2705303E1AAAB67E008DEB31 /* SimpleObject.json */; };
		2705308C1AAAB67E008DEB31 /* SimpleObjectInvalid.json in Resources */ = {isa = PBXBuildFile; fileRef = 2705303F1AAAB67E008DEB31 /* SimpleObjectInvalid.json */; };
		2705308D1AAAB67E008DEB31 /* SimpleObjectPattern.json in Resources */ = {isa = PBXBuildFile; fileRef = 270530401AAAB67E008DEB31 /* SimpleObjectPattern.json */; };
		2705308E1AAAB67E008DEB31 /* NSBundle+JSONLoader.swift in Sources */ = {isa = PBXBuildFile; fileRef = 270530421AAAB67E008DEB31 /* NSBundle+JSONLoader.swift */; };
		2705308F1AAAB67E008DEB31 /* String+JSON.swift in Sources */ = {isa = PBXBuildFile; fileRef = 270530431AAAB67E008DEB31 /* String+JSON.swift */; };
		270530901AAAB67E008DEB31 /* VeriJSONTests.swift in Sources */ = {isa = PBXBuildFile; fileRef = 270530441AAAB67E008DEB31 /* VeriJSONTests.swift */; };
		277CDC1C1AA8ED3600A12561 /* AppDelegate.swift in Sources */ = {isa = PBXBuildFile; fileRef = 277CDC1B1AA8ED3600A12561 /* AppDelegate.swift */; };
		277CDC1E1AA8ED3600A12561 /* ViewController.swift in Sources */ = {isa = PBXBuildFile; fileRef = 277CDC1D1AA8ED3600A12561 /* ViewController.swift */; };
		277CDC211AA8ED3600A12561 /* Main.storyboard in Resources */ = {isa = PBXBuildFile; fileRef = 277CDC1F1AA8ED3600A12561 /* Main.storyboard */; };
		277CDC231AA8ED3600A12561 /* Images.xcassets in Resources */ = {isa = PBXBuildFile; fileRef = 277CDC221AA8ED3600A12561 /* Images.xcassets */; };
		277CDC261AA8ED3600A12561 /* LaunchScreen.xib in Resources */ = {isa = PBXBuildFile; fileRef = 277CDC241AA8ED3600A12561 /* LaunchScreen.xib */; };
/* End PBXBuildFile section */

/* Begin PBXContainerItemProxy section */
		277CDC2C1AA8ED3600A12561 /* PBXContainerItemProxy */ = {
			isa = PBXContainerItemProxy;
			containerPortal = 277CDC0E1AA8ED3600A12561 /* Project object */;
			proxyType = 1;
			remoteGlobalIDString = 277CDC151AA8ED3600A12561;
			remoteInfo = "VeriJSON-Swift";
		};
/* End PBXContainerItemProxy section */

/* Begin PBXFileReference section */
		27052FF31AAAB412008DEB31 /* VeriJSON.swift */ = {isa = PBXFileReference; fileEncoding = 4; lastKnownFileType = sourcecode.swift; path = VeriJSON.swift; sourceTree = "<group>"; };
		27052FF81AAAB67E008DEB31 /* ArrayOf0Strings.json */ = {isa = PBXFileReference; fileEncoding = 4; lastKnownFileType = text.json; path = ArrayOf0Strings.json; sourceTree = "<group>"; };
		27052FF91AAAB67E008DEB31 /* ArrayOf1String.json */ = {isa = PBXFileReference; fileEncoding = 4; lastKnownFileType = text.json; path = ArrayOf1String.json; sourceTree = "<group>"; };
		27052FFA1AAAB67E008DEB31 /* ArrayOf2Strings.json */ = {isa = PBXFileReference; fileEncoding = 4; lastKnownFileType = text.json; path = ArrayOf2Strings.json; sourceTree = "<group>"; };
		27052FFB1AAAB67E008DEB31 /* ArrayOfStringsAndNumbers.json */ = {isa = PBXFileReference; fileEncoding = 4; lastKnownFileType = text.json; path = ArrayOfStringsAndNumbers.json; sourceTree = "<group>"; };
		27052FFC1AAAB67E008DEB31 /* ArrayOfStringsPattern.json */ = {isa = PBXFileReference; fileEncoding = 4; lastKnownFileType = text.json; path = ArrayOfStringsPattern.json; sourceTree = "<group>"; };
		27052FFD1AAAB67E008DEB31 /* ArrayPatternWithBadType.json */ = {isa = PBXFileReference; fileEncoding = 4; lastKnownFileType = text.json; path = ArrayPatternWithBadType.json; sourceTree = "<group>"; };
		27052FFE1AAAB67E008DEB31 /* ExtraAttributes.json */ = {isa = PBXFileReference; fileEncoding = 4; lastKnownFileType = text.json; path = ExtraAttributes.json; sourceTree = "<group>"; };
		27052FFF1AAAB67E008DEB31 /* MissingAttributes.json */ = {isa = PBXFileReference; fileEncoding = 4; lastKnownFileType = text.json; path = MissingAttributes.json; sourceTree = "<group>"; };
		270530001AAAB67E008DEB31 /* ObjectWithBool.json */ = {isa = PBXFileReference; fileEncoding = 4; lastKnownFileType = text.json; path = ObjectWithBool.json; sourceTree = "<group>"; };
		270530011AAAB67E008DEB31 /* ObjectWithBoolAsNumber.json */ = {isa = PBXFileReference; fileEncoding = 4; lastKnownFileType = text.json; path = ObjectWithBoolAsNumber.json; sourceTree = "<group>"; };
		270530021AAAB67E008DEB31 /* ObjectWithBoolInvalid.json */ = {isa = PBXFileReference; fileEncoding = 4; lastKnownFileType = text.json; path = ObjectWithBoolInvalid.json; sourceTree = "<group>"; };
		270530031AAAB67E008DEB31 /* ObjectWithBoolPattern.json */ = {isa = PBXFileReference; fileEncoding = 4; lastKnownFileType = text.json; path = ObjectWithBoolPattern.json; sourceTree = "<group>"; };
		270530041AAAB67E008DEB31 /* ObjectWithColor.json */ = {isa = PBXFileReference; fileEncoding = 4; lastKnownFileType = text.json; path = ObjectWithColor.json; sourceTree = "<group>"; };
		270530051AAAB67E008DEB31 /* ObjectWithColorInvalid.json */ = {isa = PBXFileReference; fileEncoding = 4; lastKnownFileType = text.json; path = ObjectWithColorInvalid.json; sourceTree = "<group>"; };
		270530061AAAB67E008DEB31 /* ObjectWithColorInvalidNumber.json */ = {isa = PBXFileReference; fileEncoding = 4; lastKnownFileType = text.json; path = ObjectWithColorInvalidNumber.json; sourceTree = "<group>"; };
		270530071AAAB67E008DEB31 /* ObjectWithColorNumber.json */ = {isa = PBXFileReference; fileEncoding = 4; lastKnownFileType = text.json; path = ObjectWithColorNumber.json; sourceTree = "<group>"; };
		270530081AAAB67E008DEB31 /* ObjectWithColorPattern.json */ = {isa = PBXFileReference; fileEncoding = 4; lastKnownFileType = text.json; path = ObjectWithColorPattern.json; sourceTree = "<group>"; };
		270530091AAAB67E008DEB31 /* ObjectWithDateString.json */ = {isa = PBXFileReference; fileEncoding = 4; lastKnownFileType = text.json; path = ObjectWithDateString.json; sourceTree = "<group>"; };
		2705300A1AAAB67E008DEB31 /* ObjectWithDateStringInvalid.json */ = {isa = PBXFileReference; fileEncoding = 4; lastKnownFileType = text.json; path = ObjectWithDateStringInvalid.json; sourceTree = "<group>"; };
		2705300B1AAAB67E008DEB31 /* ObjectWithDateStringPattern.json */ = {isa = PBXFileReference; fileEncoding = 4; lastKnownFileType = text.json; path = ObjectWithDateStringPattern.json; sourceTree = "<group>"; };
		2705300C1AAAB67E008DEB31 /* ObjectWithEmail.json */ = {isa = PBXFileReference; fileEncoding = 4; lastKnownFileType = text.json; path = ObjectWithEmail.json; sourceTree = "<group>"; };
		2705300D1AAAB67E008DEB31 /* ObjectWithEmailInvalid.json */ = {isa = PBXFileReference; fileEncoding = 4; lastKnownFileType = text.json; path = ObjectWithEmailInvalid.json; sourceTree = "<group>"; };
		2705300E1AAAB67E008DEB31 /* ObjectWithEmailInvalid2.json */ = {isa = PBXFileReference; fileEncoding = 4; lastKnownFileType = text.json; path = ObjectWithEmailInvalid2.json; sourceTree = "<group>"; };
		2705300F1AAAB67E008DEB31 /* ObjectWithEmailInvalidEmpty.json */ = {isa = PBXFileReference; fileEncoding = 4; lastKnownFileType = text.json; path = ObjectWithEmailInvalidEmpty.json; sourceTree = "<group>"; };
		270530101AAAB67E008DEB31 /* ObjectWithEmailPattern.json */ = {isa = PBXFileReference; fileEncoding = 4; lastKnownFileType = text.json; path = ObjectWithEmailPattern.json; sourceTree = "<group>"; };
		270530111AAAB67E008DEB31 /* ObjectWithHTTPSURL.json */ = {isa = PBXFileReference; fileEncoding = 4; lastKnownFileType = text.json; path = ObjectWithHTTPSURL.json; sourceTree = "<group>"; };
		270530121AAAB67E008DEB31 /* ObjectWithHTTPSURLUppercaseScheme.json */ = {isa = PBXFileReference; fileEncoding = 4; lastKnownFileType = text.json; path = ObjectWithHTTPSURLUppercaseScheme.json; sourceTree = "<group>"; };
		270530131AAAB67E008DEB31 /* ObjectWithHTTPURL.json */ = {isa = PBXFileReference; fileEncoding = 4; lastKnownFileType = text.json; path = ObjectWithHTTPURL.json; sourceTree = "<group>"; };
		270530141AAAB67E008DEB31 /* ObjectWithHTTPURLPattern.json */ = {isa = PBXFileReference; fileEncoding = 4; lastKnownFileType = text.json; path = ObjectWithHTTPURLPattern.json; sourceTree = "<group>"; };
		270530151AAAB67E008DEB31 /* ObjectWithHTTPURLUppercaseScheme.json */ = {isa = PBXFileReference; fileEncoding = 4; lastKnownFileType = text.json; path = ObjectWithHTTPURLUppercaseScheme.json; sourceTree = "<group>"; };
		270530161AAAB67E008DEB31 /* ObjectWithMultipleTypeArray.json */ = {isa = PBXFileReference; fileEncoding = 4; lastKnownFileType = text.json; path = ObjectWithMultipleTypeArray.json; sourceTree = "<group>"; };
		270530171AAAB67E008DEB31 /* ObjectWithMultipleTypeInt.json */ = {isa = PBXFileReference; fileEncoding = 4; lastKnownFileType = text.json; path = ObjectWithMultipleTypeInt.json; sourceTree = "<group>"; };
		270530181AAAB67E008DEB31 /* ObjectWithMultipleTypePattern.json */ = {isa = PBXFileReference; fileEncoding = 4; lastKnownFileType = text.json; path = ObjectWithMultipleTypePattern.json; sourceTree = "<group>"; };
		270530191AAAB67E008DEB31 /* ObjectWithMultipleTypeString.json */ = {isa = PBXFileReference; fileEncoding = 4; lastKnownFileType = text.json; path = ObjectWithMultipleTypeString.json; sourceTree = "<group>"; };
		2705301A1AAAB67E008DEB31 /* ObjectWithNonNullArray.json */ = {isa = PBXFileReference; fileEncoding = 4; lastKnownFileType = text.json; path = ObjectWithNonNullArray.json; sourceTree = "<group>"; };
		2705301B1AAAB67E008DEB31 /* ObjectWithNonObject.json */ = {isa = PBXFileReference; fileEncoding = 4; lastKnownFileType = text.json; path = ObjectWithNonObject.json; sourceTree = "<group>"; };
		2705301C1AAAB67E008DEB31 /* ObjectWithNullArray.json */ = {isa = PBXFileReference; fileEncoding = 4; lastKnownFileType = text.json; path = ObjectWithNullArray.json; sourceTree = "<group>"; };
		2705301D1AAAB67E008DEB31 /* ObjectWithNullString.json */ = {isa = PBXFileReference; fileEncoding = 4; lastKnownFileType = text.json; path = ObjectWithNullString.json; sourceTree = "<group>"; };
		2705301E1AAAB67E008DEB31 /* ObjectWithNumber.json */ = {isa = PBXFileReference; fileEncoding = 4; lastKnownFileType = text.json; path = ObjectWithNumber.json; sourceTree = "<group>"; };
		2705301F1AAAB67E008DEB31 /* ObjectWithNumberInRange.json */ = {isa = PBXFileReference; fileEncoding = 4; lastKnownFileType = text.json; path = ObjectWithNumberInRange.json; sourceTree = "<group>"; };
		270530201AAAB67E008DEB31 /* ObjectWithNumberInvalid.json */ = {isa = PBXFileReference; fileEncoding = 4; lastKnownFileType = text.json; path = ObjectWithNumberInvalid.json; sourceTree = "<group>"; };
		270530211AAAB67E008DEB31 /* ObjectWithNumberNotInRange.json */ = {isa = PBXFileReference; fileEncoding = 4; lastKnownFileType = text.json; path = ObjectWithNumberNotInRange.json; sourceTree = "<group>"; };
		270530221AAAB67E008DEB31 /* ObjectWithNumberPattern.json */ = {isa = PBXFileReference; fileEncoding = 4; lastKnownFileType = text.json; path = ObjectWithNumberPattern.json; sourceTree = "<group>"; };
		270530231AAAB67E008DEB31 /* ObjectWithNumberRangePattern.json */ = {isa = PBXFileReference; fileEncoding = 4; lastKnownFileType = text.json; path = ObjectWithNumberRangePattern.json; sourceTree = "<group>"; };
		270530241AAAB67E008DEB31 /* ObjectWithObject.json */ = {isa = PBXFileReference; fileEncoding = 4; lastKnownFileType = text.json; path = ObjectWithObject.json; sourceTree = "<group>"; };
		270530251AAAB67E008DEB31 /* ObjectWithObjectInvalid.json */ = {isa = PBXFileReference; fileEncoding = 4; lastKnownFileType = text.json; path = ObjectWithObjectInvalid.json; sourceTree = "<group>"; };
		270530261AAAB67E008DEB31 /* ObjectWithObjectPattern.json */ = {isa = PBXFileReference; fileEncoding = 4; lastKnownFileType = text.json; path = ObjectWithObjectPattern.json; sourceTree = "<group>"; };
		270530271AAAB67E008DEB31 /* ObjectWithOptionalArrayPattern.json */ = {isa = PBXFileReference; fileEncoding = 4; lastKnownFileType = text.json; path = ObjectWithOptionalArrayPattern.json; sourceTree = "<group>"; };
		270530281AAAB67E008DEB31 /* ObjectWithOptionalStringPattern.json */ = {isa = PBXFileReference; fileEncoding = 4; lastKnownFileType = text.json; path = ObjectWithOptionalStringPattern.json; sourceTree = "<group>"; };
		270530291AAAB67E008DEB31 /* ObjectWithString.json */ = {isa = PBXFileReference; fileEncoding = 4; lastKnownFileType = text.json; path = ObjectWithString.json; sourceTree = "<group>"; };
		2705302A1AAAB67E008DEB31 /* ObjectWithStringInvalid.json */ = {isa = PBXFileReference; fileEncoding = 4; lastKnownFileType = text.json; path = ObjectWithStringInvalid.json; sourceTree = "<group>"; };
		2705302B1AAAB67E008DEB31 /* ObjectWithStringPattern.json */ = {isa = PBXFileReference; fileEncoding = 4; lastKnownFileType = text.json; path = ObjectWithStringPattern.json; sourceTree = "<group>"; };
		2705302C1AAAB67E008DEB31 /* ObjectWithURL.json */ = {isa = PBXFileReference; fileEncoding = 4; lastKnownFileType = text.json; path = ObjectWithURL.json; sourceTree = "<group>"; };
		2705302D1AAAB67E008DEB31 /* ObjectWithURLInvalid.json */ = {isa = PBXFileReference; fileEncoding = 4; lastKnownFileType = text.json; path = ObjectWithURLInvalid.json; sourceTree = "<group>"; };
		2705302E1AAAB67E008DEB31 /* ObjectWithURLInvalidEmpty.json */ = {isa = PBXFileReference; fileEncoding = 4; lastKnownFileType = text.json; path = ObjectWithURLInvalidEmpty.json; sourceTree = "<group>"; };
		2705302F1AAAB67E008DEB31 /* ObjectWithURLInvalidWhitespace.json */ = {isa = PBXFileReference; fileEncoding = 4; lastKnownFileType = text.json; path = ObjectWithURLInvalidWhitespace.json; sourceTree = "<group>"; };
		270530301AAAB67E008DEB31 /* ObjectWithURLNonString.json */ = {isa = PBXFileReference; fileEncoding = 4; lastKnownFileType = text.json; path = ObjectWithURLNonString.json; sourceTree = "<group>"; };
		270530311AAAB67E008DEB31 /* ObjectWithURLPattern.json */ = {isa = PBXFileReference; fileEncoding = 4; lastKnownFileType = text.json; path = ObjectWithURLPattern.json; sourceTree = "<group>"; };
		270530321AAAB67E008DEB31 /* ObjectWithURLRelative.json */ = {isa = PBXFileReference; fileEncoding = 4; lastKnownFileType = text.json; path = ObjectWithURLRelative.json; sourceTree = "<group>"; };
		270530331AAAB67E008DEB31 /* ObjectWithWildcardInvalid.json */ = {isa = PBXFileReference; fileEncoding = 4; lastKnownFileType = text.json; path = ObjectWithWildcardInvalid.json; sourceTree = "<group>"; };
		270530341AAAB67E008DEB31 /* ObjectWithWildcardPattern.json */ = {isa = PBXFileReference; fileEncoding = 4; lastKnownFileType = text.json; path = ObjectWithWildcardPattern.json; sourceTree = "<group>"; };
		270530351AAAB67E008DEB31 /* ObjectWithWildcardValid.json */ = {isa = PBXFileReference; fileEncoding = 4; lastKnownFileType = text.json; path = ObjectWithWildcardValid.json; sourceTree = "<group>"; };
		270530361AAAB67E008DEB31 /* RealisticObject.json */ = {isa = PBXFileReference; fileEncoding = 4; lastKnownFileType = text.json; path = RealisticObject.json; sourceTree = "<group>"; };
		270530371AAAB67E008DEB31 /* RealisticObjectOptional.json */ = {isa = PBXFileReference; fileEncoding = 4; lastKnownFileType = text.json; path = RealisticObjectOptional.json; sourceTree = "<group>"; };
		270530381AAAB67E008DEB31 /* RealisticObjectOptionalWrongType.json */ = {isa = PBXFileReference; fileEncoding = 4; lastKnownFileType = text.json; path = RealisticObjectOptionalWrongType.json; sourceTree = "<group>"; };
		270530391AAAB67E008DEB31 /* RealisticObjectPattern.json */ = {isa = PBXFileReference; fileEncoding = 4; lastKnownFileType = text.json; path = RealisticObjectPattern.json; sourceTree = "<group>"; };
		2705303A1AAAB67E008DEB31 /* RealisticObjectPatternInvalid.json */ = {isa = PBXFileReference; fileEncoding = 4; lastKnownFileType = text.json; path = RealisticObjectPatternInvalid.json; sourceTree = "<group>"; };
		2705303B1AAAB67E008DEB31 /* RealisticObjectPatternOptional.json */ = {isa = PBXFileReference; fileEncoding = 4; lastKnownFileType = text.json; path = RealisticObjectPatternOptional.json; sourceTree = "<group>"; };
		2705303C1AAAB67E008DEB31 /* SimpleArray.json */ = {isa = PBXFileReference; fileEncoding = 4; lastKnownFileType = text.json; path = SimpleArray.json; sourceTree = "<group>"; };
		2705303D1AAAB67E008DEB31 /* SimpleArrayPattern.json */ = {isa = PBXFileReference; fileEncoding = 4; lastKnownFileType = text.json; path = SimpleArrayPattern.json; sourceTree = "<group>"; };
		2705303E1AAAB67E008DEB31 /* SimpleObject.json */ = {isa = PBXFileReference; fileEncoding = 4; lastKnownFileType = text.json; path = SimpleObject.json; sourceTree = "<group>"; };
		2705303F1AAAB67E008DEB31 /* SimpleObjectInvalid.json */ = {isa = PBXFileReference; fileEncoding = 4; lastKnownFileType = text.json; path = SimpleObjectInvalid.json; sourceTree = "<group>"; };
		270530401AAAB67E008DEB31 /* SimpleObjectPattern.json */ = {isa = PBXFileReference; fileEncoding = 4; lastKnownFileType = text.json; path = SimpleObjectPattern.json; sourceTree = "<group>"; };
		270530421AAAB67E008DEB31 /* NSBundle+JSONLoader.swift */ = {isa = PBXFileReference; fileEncoding = 4; lastKnownFileType = sourcecode.swift; path = "NSBundle+JSONLoader.swift"; sourceTree = "<group>"; };
		270530431AAAB67E008DEB31 /* String+JSON.swift */ = {isa = PBXFileReference; fileEncoding = 4; lastKnownFileType = sourcecode.swift; path = "String+JSON.swift"; sourceTree = "<group>"; };
		270530441AAAB67E008DEB31 /* VeriJSONTests.swift */ = {isa = PBXFileReference; fileEncoding = 4; lastKnownFileType = sourcecode.swift; path = VeriJSONTests.swift; sourceTree = "<group>"; };
		277CDC161AA8ED3600A12561 /* VeriJSON-Swift.app */ = {isa = PBXFileReference; explicitFileType = wrapper.application; includeInIndex = 0; path = "VeriJSON-Swift.app"; sourceTree = BUILT_PRODUCTS_DIR; };
		277CDC1A1AA8ED3600A12561 /* Info.plist */ = {isa = PBXFileReference; lastKnownFileType = text.plist.xml; path = Info.plist; sourceTree = "<group>"; };
		277CDC1B1AA8ED3600A12561 /* AppDelegate.swift */ = {isa = PBXFileReference; lastKnownFileType = sourcecode.swift; path = AppDelegate.swift; sourceTree = "<group>"; };
		277CDC1D1AA8ED3600A12561 /* ViewController.swift */ = {isa = PBXFileReference; lastKnownFileType = sourcecode.swift; path = ViewController.swift; sourceTree = "<group>"; };
		277CDC201AA8ED3600A12561 /* Base */ = {isa = PBXFileReference; lastKnownFileType = file.storyboard; name = Base; path = Base.lproj/Main.storyboard; sourceTree = "<group>"; };
		277CDC221AA8ED3600A12561 /* Images.xcassets */ = {isa = PBXFileReference; lastKnownFileType = folder.assetcatalog; path = Images.xcassets; sourceTree = "<group>"; };
		277CDC251AA8ED3600A12561 /* Base */ = {isa = PBXFileReference; lastKnownFileType = file.xib; name = Base; path = Base.lproj/LaunchScreen.xib; sourceTree = "<group>"; };
		277CDC2B1AA8ED3600A12561 /* VeriJSON-SwiftTests.xctest */ = {isa = PBXFileReference; explicitFileType = wrapper.cfbundle; includeInIndex = 0; path = "VeriJSON-SwiftTests.xctest"; sourceTree = BUILT_PRODUCTS_DIR; };
		277CDC301AA8ED3600A12561 /* Info.plist */ = {isa = PBXFileReference; lastKnownFileType = text.plist.xml; path = Info.plist; sourceTree = "<group>"; };
/* End PBXFileReference section */

/* Begin PBXFrameworksBuildPhase section */
		277CDC131AA8ED3600A12561 /* Frameworks */ = {
			isa = PBXFrameworksBuildPhase;
			buildActionMask = 2147483647;
			files = (
			);
			runOnlyForDeploymentPostprocessing = 0;
		};
		277CDC281AA8ED3600A12561 /* Frameworks */ = {
			isa = PBXFrameworksBuildPhase;
			buildActionMask = 2147483647;
			files = (
			);
			runOnlyForDeploymentPostprocessing = 0;
		};
/* End PBXFrameworksBuildPhase section */

/* Begin PBXGroup section */
		27052FF21AAAB412008DEB31 /* VeriJSON */ = {
			isa = PBXGroup;
			children = (
				27052FF31AAAB412008DEB31 /* VeriJSON.swift */,
			);
			name = VeriJSON;
			path = ../VeriJSON;
			sourceTree = "<group>";
		};
		27052FF61AAAB67E008DEB31 /* VeriJSONTests */ = {
			isa = PBXGroup;
			children = (
				27052FF71AAAB67E008DEB31 /* Data */,
				270530411AAAB67E008DEB31 /* Helpers */,
				270530441AAAB67E008DEB31 /* VeriJSONTests.swift */,
			);
			name = VeriJSONTests;
			path = ../../VeriJSONTests;
			sourceTree = "<group>";
		};
		27052FF71AAAB67E008DEB31 /* Data */ = {
			isa = PBXGroup;
			children = (
				27052FF81AAAB67E008DEB31 /* ArrayOf0Strings.json */,
				27052FF91AAAB67E008DEB31 /* ArrayOf1String.json */,
				27052FFA1AAAB67E008DEB31 /* ArrayOf2Strings.json */,
				27052FFB1AAAB67E008DEB31 /* ArrayOfStringsAndNumbers.json */,
				27052FFC1AAAB67E008DEB31 /* ArrayOfStringsPattern.json */,
				27052FFD1AAAB67E008DEB31 /* ArrayPatternWithBadType.json */,
				27052FFE1AAAB67E008DEB31 /* ExtraAttributes.json */,
				27052FFF1AAAB67E008DEB31 /* MissingAttributes.json */,
				270530001AAAB67E008DEB31 /* ObjectWithBool.json */,
				270530011AAAB67E008DEB31 /* ObjectWithBoolAsNumber.json */,
				270530021AAAB67E008DEB31 /* ObjectWithBoolInvalid.json */,
				270530031AAAB67E008DEB31 /* ObjectWithBoolPattern.json */,
				270530041AAAB67E008DEB31 /* ObjectWithColor.json */,
				270530051AAAB67E008DEB31 /* ObjectWithColorInvalid.json */,
				270530061AAAB67E008DEB31 /* ObjectWithColorInvalidNumber.json */,
				270530071AAAB67E008DEB31 /* ObjectWithColorNumber.json */,
				270530081AAAB67E008DEB31 /* ObjectWithColorPattern.json */,
				270530091AAAB67E008DEB31 /* ObjectWithDateString.json */,
				2705300A1AAAB67E008DEB31 /* ObjectWithDateStringInvalid.json */,
				2705300B1AAAB67E008DEB31 /* ObjectWithDateStringPattern.json */,
				2705300C1AAAB67E008DEB31 /* ObjectWithEmail.json */,
				2705300D1AAAB67E008DEB31 /* ObjectWithEmailInvalid.json */,
				2705300E1AAAB67E008DEB31 /* ObjectWithEmailInvalid2.json */,
				2705300F1AAAB67E008DEB31 /* ObjectWithEmailInvalidEmpty.json */,
				270530101AAAB67E008DEB31 /* ObjectWithEmailPattern.json */,
				270530111AAAB67E008DEB31 /* ObjectWithHTTPSURL.json */,
				270530121AAAB67E008DEB31 /* ObjectWithHTTPSURLUppercaseScheme.json */,
				270530131AAAB67E008DEB31 /* ObjectWithHTTPURL.json */,
				270530141AAAB67E008DEB31 /* ObjectWithHTTPURLPattern.json */,
				270530151AAAB67E008DEB31 /* ObjectWithHTTPURLUppercaseScheme.json */,
				270530161AAAB67E008DEB31 /* ObjectWithMultipleTypeArray.json */,
				270530171AAAB67E008DEB31 /* ObjectWithMultipleTypeInt.json */,
				270530181AAAB67E008DEB31 /* ObjectWithMultipleTypePattern.json */,
				270530191AAAB67E008DEB31 /* ObjectWithMultipleTypeString.json */,
				2705301A1AAAB67E008DEB31 /* ObjectWithNonNullArray.json */,
				2705301B1AAAB67E008DEB31 /* ObjectWithNonObject.json */,
				2705301C1AAAB67E008DEB31 /* ObjectWithNullArray.json */,
				2705301D1AAAB67E008DEB31 /* ObjectWithNullString.json */,
				2705301E1AAAB67E008DEB31 /* ObjectWithNumber.json */,
				2705301F1AAAB67E008DEB31 /* ObjectWithNumberInRange.json */,
				270530201AAAB67E008DEB31 /* ObjectWithNumberInvalid.json */,
				270530211AAAB67E008DEB31 /* ObjectWithNumberNotInRange.json */,
				270530221AAAB67E008DEB31 /* ObjectWithNumberPattern.json */,
				270530231AAAB67E008DEB31 /* ObjectWithNumberRangePattern.json */,
				270530241AAAB67E008DEB31 /* ObjectWithObject.json */,
				270530251AAAB67E008DEB31 /* ObjectWithObjectInvalid.json */,
				270530261AAAB67E008DEB31 /* ObjectWithObjectPattern.json */,
				270530271AAAB67E008DEB31 /* ObjectWithOptionalArrayPattern.json */,
				270530281AAAB67E008DEB31 /* ObjectWithOptionalStringPattern.json */,
				270530291AAAB67E008DEB31 /* ObjectWithString.json */,
				2705302A1AAAB67E008DEB31 /* ObjectWithStringInvalid.json */,
				2705302B1AAAB67E008DEB31 /* ObjectWithStringPattern.json */,
				2705302C1AAAB67E008DEB31 /* ObjectWithURL.json */,
				2705302D1AAAB67E008DEB31 /* ObjectWithURLInvalid.json */,
				2705302E1AAAB67E008DEB31 /* ObjectWithURLInvalidEmpty.json */,
				2705302F1AAAB67E008DEB31 /* ObjectWithURLInvalidWhitespace.json */,
				270530301AAAB67E008DEB31 /* ObjectWithURLNonString.json */,
				270530311AAAB67E008DEB31 /* ObjectWithURLPattern.json */,
				270530321AAAB67E008DEB31 /* ObjectWithURLRelative.json */,
				270530331AAAB67E008DEB31 /* ObjectWithWildcardInvalid.json */,
				270530341AAAB67E008DEB31 /* ObjectWithWildcardPattern.json */,
				270530351AAAB67E008DEB31 /* ObjectWithWildcardValid.json */,
				270530361AAAB67E008DEB31 /* RealisticObject.json */,
				270530371AAAB67E008DEB31 /* RealisticObjectOptional.json */,
				270530381AAAB67E008DEB31 /* RealisticObjectOptionalWrongType.json */,
				270530391AAAB67E008DEB31 /* RealisticObjectPattern.json */,
				2705303A1AAAB67E008DEB31 /* RealisticObjectPatternInvalid.json */,
				2705303B1AAAB67E008DEB31 /* RealisticObjectPatternOptional.json */,
				2705303C1AAAB67E008DEB31 /* SimpleArray.json */,
				2705303D1AAAB67E008DEB31 /* SimpleArrayPattern.json */,
				2705303E1AAAB67E008DEB31 /* SimpleObject.json */,
				2705303F1AAAB67E008DEB31 /* SimpleObjectInvalid.json */,
				270530401AAAB67E008DEB31 /* SimpleObjectPattern.json */,
			);
			path = Data;
			sourceTree = "<group>";
		};
		270530411AAAB67E008DEB31 /* Helpers */ = {
			isa = PBXGroup;
			children = (
				270530421AAAB67E008DEB31 /* NSBundle+JSONLoader.swift */,
				270530431AAAB67E008DEB31 /* String+JSON.swift */,
			);
			path = Helpers;
			sourceTree = "<group>";
		};
		277CDC0D1AA8ED3600A12561 = {
			isa = PBXGroup;
			children = (
				27052FF21AAAB412008DEB31 /* VeriJSON */,
				277CDC181AA8ED3600A12561 /* VeriJSON-Swift */,
				277CDC2E1AA8ED3600A12561 /* VeriJSON-SwiftTests */,
				277CDC171AA8ED3600A12561 /* Products */,
			);
			sourceTree = "<group>";
		};
		277CDC171AA8ED3600A12561 /* Products */ = {
			isa = PBXGroup;
			children = (
				277CDC161AA8ED3600A12561 /* VeriJSON-Swift.app */,
				277CDC2B1AA8ED3600A12561 /* VeriJSON-SwiftTests.xctest */,
			);
			name = Products;
			sourceTree = "<group>";
		};
		277CDC181AA8ED3600A12561 /* VeriJSON-Swift */ = {
			isa = PBXGroup;
			children = (
				277CDC1B1AA8ED3600A12561 /* AppDelegate.swift */,
				277CDC1D1AA8ED3600A12561 /* ViewController.swift */,
				277CDC1F1AA8ED3600A12561 /* Main.storyboard */,
				277CDC221AA8ED3600A12561 /* Images.xcassets */,
				277CDC241AA8ED3600A12561 /* LaunchScreen.xib */,
				277CDC191AA8ED3600A12561 /* Supporting Files */,
			);
			path = "VeriJSON-Swift";
			sourceTree = "<group>";
		};
		277CDC191AA8ED3600A12561 /* Supporting Files */ = {
			isa = PBXGroup;
			children = (
				277CDC1A1AA8ED3600A12561 /* Info.plist */,
			);
			name = "Supporting Files";
			sourceTree = "<group>";
		};
		277CDC2E1AA8ED3600A12561 /* VeriJSON-SwiftTests */ = {
			isa = PBXGroup;
			children = (
				27052FF61AAAB67E008DEB31 /* VeriJSONTests */,
				277CDC2F1AA8ED3600A12561 /* Supporting Files */,
			);
			path = "VeriJSON-SwiftTests";
			sourceTree = "<group>";
		};
		277CDC2F1AA8ED3600A12561 /* Supporting Files */ = {
			isa = PBXGroup;
			children = (
				277CDC301AA8ED3600A12561 /* Info.plist */,
			);
			name = "Supporting Files";
			sourceTree = "<group>";
		};
/* End PBXGroup section */

/* Begin PBXNativeTarget section */
		277CDC151AA8ED3600A12561 /* VeriJSON-Swift */ = {
			isa = PBXNativeTarget;
			buildConfigurationList = 277CDC351AA8ED3600A12561 /* Build configuration list for PBXNativeTarget "VeriJSON-Swift" */;
			buildPhases = (
				277CDC121AA8ED3600A12561 /* Sources */,
				277CDC131AA8ED3600A12561 /* Frameworks */,
				277CDC141AA8ED3600A12561 /* Resources */,
			);
			buildRules = (
			);
			dependencies = (
			);
			name = "VeriJSON-Swift";
			productName = "VeriJSON-Swift";
			productReference = 277CDC161AA8ED3600A12561 /* VeriJSON-Swift.app */;
			productType = "com.apple.product-type.application";
		};
		277CDC2A1AA8ED3600A12561 /* VeriJSON-SwiftTests */ = {
			isa = PBXNativeTarget;
			buildConfigurationList = 277CDC381AA8ED3600A12561 /* Build configuration list for PBXNativeTarget "VeriJSON-SwiftTests" */;
			buildPhases = (
				277CDC271AA8ED3600A12561 /* Sources */,
				277CDC281AA8ED3600A12561 /* Frameworks */,
				277CDC291AA8ED3600A12561 /* Resources */,
			);
			buildRules = (
			);
			dependencies = (
				277CDC2D1AA8ED3600A12561 /* PBXTargetDependency */,
			);
			name = "VeriJSON-SwiftTests";
			productName = "VeriJSON-SwiftTests";
			productReference = 277CDC2B1AA8ED3600A12561 /* VeriJSON-SwiftTests.xctest */;
			productType = "com.apple.product-type.bundle.unit-test";
		};
/* End PBXNativeTarget section */

/* Begin PBXProject section */
		277CDC0E1AA8ED3600A12561 /* Project object */ = {
			isa = PBXProject;
			attributes = {
				LastUpgradeCheck = 0610;
				ORGANIZATIONNAME = "Where Here";
				TargetAttributes = {
					277CDC151AA8ED3600A12561 = {
						CreatedOnToolsVersion = 6.1.1;
					};
					277CDC2A1AA8ED3600A12561 = {
						CreatedOnToolsVersion = 6.1.1;
						TestTargetID = 277CDC151AA8ED3600A12561;
					};
				};
			};
			buildConfigurationList = 277CDC111AA8ED3600A12561 /* Build configuration list for PBXProject "VeriJSON-Swift" */;
			compatibilityVersion = "Xcode 3.2";
			developmentRegion = English;
			hasScannedForEncodings = 0;
			knownRegions = (
				en,
				Base,
			);
			mainGroup = 277CDC0D1AA8ED3600A12561;
			productRefGroup = 277CDC171AA8ED3600A12561 /* Products */;
			projectDirPath = "";
			projectRoot = "";
			targets = (
				277CDC151AA8ED3600A12561 /* VeriJSON-Swift */,
				277CDC2A1AA8ED3600A12561 /* VeriJSON-SwiftTests */,
			);
		};
/* End PBXProject section */

/* Begin PBXResourcesBuildPhase section */
		277CDC141AA8ED3600A12561 /* Resources */ = {
			isa = PBXResourcesBuildPhase;
			buildActionMask = 2147483647;
			files = (
				277CDC211AA8ED3600A12561 /* Main.storyboard in Resources */,
				277CDC261AA8ED3600A12561 /* LaunchScreen.xib in Resources */,
				277CDC231AA8ED3600A12561 /* Images.xcassets in Resources */,
			);
			runOnlyForDeploymentPostprocessing = 0;
		};
		277CDC291AA8ED3600A12561 /* Resources */ = {
			isa = PBXResourcesBuildPhase;
			buildActionMask = 2147483647;
			files = (
				2705307A1AAAB67E008DEB31 /* ObjectWithURLInvalid.json in Resources */,
				270530841AAAB67E008DEB31 /* RealisticObjectOptional.json in Resources */,
				270530651AAAB67E008DEB31 /* ObjectWithMultipleTypePattern.json in Resources */,
				270530601AAAB67E008DEB31 /* ObjectWithHTTPURL.json in Resources */,
				2705304A1AAAB67E008DEB31 /* ArrayPatternWithBadType.json in Resources */,
				2705306D1AAAB67E008DEB31 /* ObjectWithNumberInvalid.json in Resources */,
				270530561AAAB67E008DEB31 /* ObjectWithDateString.json in Resources */,
				2705306C1AAAB67E008DEB31 /* ObjectWithNumberInRange.json in Resources */,
				270530611AAAB67E008DEB31 /* ObjectWithHTTPURLPattern.json in Resources */,
				270530571AAAB67E008DEB31 /* ObjectWithDateStringInvalid.json in Resources */,
				2705304E1AAAB67E008DEB31 /* ObjectWithBoolAsNumber.json in Resources */,
				270530581AAAB67E008DEB31 /* ObjectWithDateStringPattern.json in Resources */,
				270530511AAAB67E008DEB31 /* ObjectWithColor.json in Resources */,
				2705306B1AAAB67E008DEB31 /* ObjectWithNumber.json in Resources */,
				2705307E1AAAB67E008DEB31 /* ObjectWithURLPattern.json in Resources */,
				270530631AAAB67E008DEB31 /* ObjectWithMultipleTypeArray.json in Resources */,
				2705304F1AAAB67E008DEB31 /* ObjectWithBoolInvalid.json in Resources */,
				2705306E1AAAB67E008DEB31 /* ObjectWithNumberNotInRange.json in Resources */,
				270530451AAAB67E008DEB31 /* ArrayOf0Strings.json in Resources */,
				270530781AAAB67E008DEB31 /* ObjectWithStringPattern.json in Resources */,
				270530621AAAB67E008DEB31 /* ObjectWithHTTPURLUppercaseScheme.json in Resources */,
				2705307B1AAAB67E008DEB31 /* ObjectWithURLInvalidEmpty.json in Resources */,
				2705304B1AAAB67E008DEB31 /* ExtraAttributes.json in Resources */,
				270530711AAAB67E008DEB31 /* ObjectWithObject.json in Resources */,
				2705307D1AAAB67E008DEB31 /* ObjectWithURLNonString.json in Resources */,
				2705305A1AAAB67E008DEB31 /* ObjectWithEmailInvalid.json in Resources */,
				270530881AAAB67E008DEB31 /* RealisticObjectPatternOptional.json in Resources */,
				270530821AAAB67E008DEB31 /* ObjectWithWildcardValid.json in Resources */,
				270530521AAAB67E008DEB31 /* ObjectWithColorInvalid.json in Resources */,
				2705308D1AAAB67E008DEB31 /* SimpleObjectPattern.json in Resources */,
				2705306A1AAAB67E008DEB31 /* ObjectWithNullString.json in Resources */,
				270530461AAAB67E008DEB31 /* ArrayOf1String.json in Resources */,
				270530681AAAB67E008DEB31 /* ObjectWithNonObject.json in Resources */,
				2705308C1AAAB67E008DEB31 /* SimpleObjectInvalid.json in Resources */,
				270530481AAAB67E008DEB31 /* ArrayOfStringsAndNumbers.json in Resources */,
				270530491AAAB67E008DEB31 /* ArrayOfStringsPattern.json in Resources */,
				2705307C1AAAB67E008DEB31 /* ObjectWithURLInvalidWhitespace.json in Resources */,
				270530871AAAB67E008DEB31 /* RealisticObjectPatternInvalid.json in Resources */,
				270530641AAAB67E008DEB31 /* ObjectWithMultipleTypeInt.json in Resources */,
				2705304D1AAAB67E008DEB31 /* ObjectWithBool.json in Resources */,
				2705307F1AAAB67E008DEB31 /* ObjectWithURLRelative.json in Resources */,
				270530811AAAB67E008DEB31 /* ObjectWithWildcardPattern.json in Resources */,
				2705305D1AAAB67E008DEB31 /* ObjectWithEmailPattern.json in Resources */,
				2705305B1AAAB67E008DEB31 /* ObjectWithEmailInvalid2.json in Resources */,
				270530471AAAB67E008DEB31 /* ArrayOf2Strings.json in Resources */,
				270530771AAAB67E008DEB31 /* ObjectWithStringInvalid.json in Resources */,
				2705304C1AAAB67E008DEB31 /* MissingAttributes.json in Resources */,
				2705305C1AAAB67E008DEB31 /* ObjectWithEmailInvalidEmpty.json in Resources */,
				270530691AAAB67E008DEB31 /* ObjectWithNullArray.json in Resources */,
				270530541AAAB67E008DEB31 /* ObjectWithColorNumber.json in Resources */,
				270530751AAAB67E008DEB31 /* ObjectWithOptionalStringPattern.json in Resources */,
				270530721AAAB67E008DEB31 /* ObjectWithObjectInvalid.json in Resources */,
				270530731AAAB67E008DEB31 /* ObjectWithObjectPattern.json in Resources */,
				2705308B1AAAB67E008DEB31 /* SimpleObject.json in Resources */,
				270530831AAAB67E008DEB31 /* RealisticObject.json in Resources */,
				270530891AAAB67E008DEB31 /* SimpleArray.json in Resources */,
				270530661AAAB67E008DEB31 /* ObjectWithMultipleTypeString.json in Resources */,
				270530851AAAB67E008DEB31 /* RealisticObjectOptionalWrongType.json in Resources */,
				270530591AAAB67E008DEB31 /* ObjectWithEmail.json in Resources */,
				270530501AAAB67E008DEB31 /* ObjectWithBoolPattern.json in Resources */,
				270530861AAAB67E008DEB31 /* RealisticObjectPattern.json in Resources */,
				270530761AAAB67E008DEB31 /* ObjectWithString.json in Resources */,
				270530801AAAB67E008DEB31 /* ObjectWithWildcardInvalid.json in Resources */,
				2705305F1AAAB67E008DEB31 /* ObjectWithHTTPSURLUppercaseScheme.json in Resources */,
				270530741AAAB67E008DEB31 /* ObjectWithOptionalArrayPattern.json in Resources */,
				2705308A1AAAB67E008DEB31 /* SimpleArrayPattern.json in Resources */,
				270530531AAAB67E008DEB31 /* ObjectWithColorInvalidNumber.json in Resources */,
				270530671AAAB67E008DEB31 /* ObjectWithNonNullArray.json in Resources */,
				270530701AAAB67E008DEB31 /* ObjectWithNumberRangePattern.json in Resources */,
				2705305E1AAAB67E008DEB31 /* ObjectWithHTTPSURL.json in Resources */,
				270530791AAAB67E008DEB31 /* ObjectWithURL.json in Resources */,
				270530551AAAB67E008DEB31 /* ObjectWithColorPattern.json in Resources */,
				2705306F1AAAB67E008DEB31 /* ObjectWithNumberPattern.json in Resources */,
			);
			runOnlyForDeploymentPostprocessing = 0;
		};
/* End PBXResourcesBuildPhase section */

/* Begin PBXSourcesBuildPhase section */
		277CDC121AA8ED3600A12561 /* Sources */ = {
			isa = PBXSourcesBuildPhase;
			buildActionMask = 2147483647;
			files = (
				27052FF41AAAB412008DEB31 /* VeriJSON.swift in Sources */,
				277CDC1E1AA8ED3600A12561 /* ViewController.swift in Sources */,
				277CDC1C1AA8ED3600A12561 /* AppDelegate.swift in Sources */,
			);
			runOnlyForDeploymentPostprocessing = 0;
		};
		277CDC271AA8ED3600A12561 /* Sources */ = {
			isa = PBXSourcesBuildPhase;
			buildActionMask = 2147483647;
			files = (
				27052FF51AAAB412008DEB31 /* VeriJSON.swift in Sources */,
				270530901AAAB67E008DEB31 /* VeriJSONTests.swift in Sources */,
				2705308E1AAAB67E008DEB31 /* NSBundle+JSONLoader.swift in Sources */,
				2705308F1AAAB67E008DEB31 /* String+JSON.swift in Sources */,
			);
			runOnlyForDeploymentPostprocessing = 0;
		};
/* End PBXSourcesBuildPhase section */

/* Begin PBXTargetDependency section */
		277CDC2D1AA8ED3600A12561 /* PBXTargetDependency */ = {
			isa = PBXTargetDependency;
			target = 277CDC151AA8ED3600A12561 /* VeriJSON-Swift */;
			targetProxy = 277CDC2C1AA8ED3600A12561 /* PBXContainerItemProxy */;
		};
/* End PBXTargetDependency section */

/* Begin PBXVariantGroup section */
		277CDC1F1AA8ED3600A12561 /* Main.storyboard */ = {
			isa = PBXVariantGroup;
			children = (
				277CDC201AA8ED3600A12561 /* Base */,
			);
			name = Main.storyboard;
			sourceTree = "<group>";
		};
		277CDC241AA8ED3600A12561 /* LaunchScreen.xib */ = {
			isa = PBXVariantGroup;
			children = (
				277CDC251AA8ED3600A12561 /* Base */,
			);
			name = LaunchScreen.xib;
			sourceTree = "<group>";
		};
/* End PBXVariantGroup section */

/* Begin XCBuildConfiguration section */
		277CDC331AA8ED3600A12561 /* Debug */ = {
			isa = XCBuildConfiguration;
			buildSettings = {
				ALWAYS_SEARCH_USER_PATHS = NO;
				CLANG_CXX_LANGUAGE_STANDARD = "gnu++0x";
				CLANG_CXX_LIBRARY = "libc++";
				CLANG_ENABLE_MODULES = YES;
				CLANG_ENABLE_OBJC_ARC = YES;
				CLANG_WARN_BOOL_CONVERSION = YES;
				CLANG_WARN_CONSTANT_CONVERSION = YES;
				CLANG_WARN_DIRECT_OBJC_ISA_USAGE = YES_ERROR;
				CLANG_WARN_EMPTY_BODY = YES;
				CLANG_WARN_ENUM_CONVERSION = YES;
				CLANG_WARN_INT_CONVERSION = YES;
				CLANG_WARN_OBJC_ROOT_CLASS = YES_ERROR;
				CLANG_WARN_UNREACHABLE_CODE = YES;
				CLANG_WARN__DUPLICATE_METHOD_MATCH = YES;
				"CODE_SIGN_IDENTITY[sdk=iphoneos*]" = "iPhone Developer";
				COPY_PHASE_STRIP = NO;
				ENABLE_STRICT_OBJC_MSGSEND = YES;
				GCC_C_LANGUAGE_STANDARD = gnu99;
				GCC_DYNAMIC_NO_PIC = NO;
				GCC_OPTIMIZATION_LEVEL = 0;
				GCC_PREPROCESSOR_DEFINITIONS = (
					"DEBUG=1",
					"$(inherited)",
				);
				GCC_SYMBOLS_PRIVATE_EXTERN = NO;
				GCC_WARN_64_TO_32_BIT_CONVERSION = YES;
				GCC_WARN_ABOUT_RETURN_TYPE = YES_ERROR;
				GCC_WARN_UNDECLARED_SELECTOR = YES;
				GCC_WARN_UNINITIALIZED_AUTOS = YES_AGGRESSIVE;
				GCC_WARN_UNUSED_FUNCTION = YES;
				GCC_WARN_UNUSED_VARIABLE = YES;
				IPHONEOS_DEPLOYMENT_TARGET = 8.1;
				MTL_ENABLE_DEBUG_INFO = YES;
				ONLY_ACTIVE_ARCH = YES;
				SDKROOT = iphoneos;
				SWIFT_OPTIMIZATION_LEVEL = "-Onone";
				TARGETED_DEVICE_FAMILY = "1,2";
			};
			name = Debug;
		};
		277CDC341AA8ED3600A12561 /* Release */ = {
			isa = XCBuildConfiguration;
			buildSettings = {
				ALWAYS_SEARCH_USER_PATHS = NO;
				CLANG_CXX_LANGUAGE_STANDARD = "gnu++0x";
				CLANG_CXX_LIBRARY = "libc++";
				CLANG_ENABLE_MODULES = YES;
				CLANG_ENABLE_OBJC_ARC = YES;
				CLANG_WARN_BOOL_CONVERSION = YES;
				CLANG_WARN_CONSTANT_CONVERSION = YES;
				CLANG_WARN_DIRECT_OBJC_ISA_USAGE = YES_ERROR;
				CLANG_WARN_EMPTY_BODY = YES;
				CLANG_WARN_ENUM_CONVERSION = YES;
				CLANG_WARN_INT_CONVERSION = YES;
				CLANG_WARN_OBJC_ROOT_CLASS = YES_ERROR;
				CLANG_WARN_UNREACHABLE_CODE = YES;
				CLANG_WARN__DUPLICATE_METHOD_MATCH = YES;
				"CODE_SIGN_IDENTITY[sdk=iphoneos*]" = "iPhone Developer";
				COPY_PHASE_STRIP = YES;
				ENABLE_NS_ASSERTIONS = NO;
				ENABLE_STRICT_OBJC_MSGSEND = YES;
				GCC_C_LANGUAGE_STANDARD = gnu99;
				GCC_WARN_64_TO_32_BIT_CONVERSION = YES;
				GCC_WARN_ABOUT_RETURN_TYPE = YES_ERROR;
				GCC_WARN_UNDECLARED_SELECTOR = YES;
				GCC_WARN_UNINITIALIZED_AUTOS = YES_AGGRESSIVE;
				GCC_WARN_UNUSED_FUNCTION = YES;
				GCC_WARN_UNUSED_VARIABLE = YES;
				IPHONEOS_DEPLOYMENT_TARGET = 8.1;
				MTL_ENABLE_DEBUG_INFO = NO;
				SDKROOT = iphoneos;
				TARGETED_DEVICE_FAMILY = "1,2";
				VALIDATE_PRODUCT = YES;
			};
			name = Release;
		};
		277CDC361AA8ED3600A12561 /* Debug */ = {
			isa = XCBuildConfiguration;
			buildSettings = {
				ASSETCATALOG_COMPILER_APPICON_NAME = AppIcon;
				INFOPLIST_FILE = "VeriJSON-Swift/Info.plist";
				LD_RUNPATH_SEARCH_PATHS = "$(inherited) @executable_path/Frameworks";
				PRODUCT_NAME = "$(TARGET_NAME)";
				SWIFT_OBJC_BRIDGING_HEADER = "";
			};
			name = Debug;
		};
		277CDC371AA8ED3600A12561 /* Release */ = {
			isa = XCBuildConfiguration;
			buildSettings = {
				ASSETCATALOG_COMPILER_APPICON_NAME = AppIcon;
				INFOPLIST_FILE = "VeriJSON-Swift/Info.plist";
				LD_RUNPATH_SEARCH_PATHS = "$(inherited) @executable_path/Frameworks";
				PRODUCT_NAME = "$(TARGET_NAME)";
				SWIFT_OBJC_BRIDGING_HEADER = "";
			};
			name = Release;
		};
		277CDC391AA8ED3600A12561 /* Debug */ = {
			isa = XCBuildConfiguration;
			buildSettings = {
				BUNDLE_LOADER = "$(TEST_HOST)";
				FRAMEWORK_SEARCH_PATHS = (
					"$(SDKROOT)/Developer/Library/Frameworks",
					"$(inherited)",
				);
				GCC_PREPROCESSOR_DEFINITIONS = (
					"DEBUG=1",
					"$(inherited)",
				);
				INFOPLIST_FILE = "VeriJSON-SwiftTests/Info.plist";
				LD_RUNPATH_SEARCH_PATHS = "$(inherited) @executable_path/Frameworks @loader_path/Frameworks";
				PRODUCT_NAME = "$(TARGET_NAME)";
				SWIFT_OBJC_BRIDGING_HEADER = "";
				TEST_HOST = "$(BUILT_PRODUCTS_DIR)/VeriJSON-Swift.app/VeriJSON-Swift";
			};
			name = Debug;
		};
		277CDC3A1AA8ED3600A12561 /* Release */ = {
			isa = XCBuildConfiguration;
			buildSettings = {
				BUNDLE_LOADER = "$(TEST_HOST)";
				FRAMEWORK_SEARCH_PATHS = (
					"$(SDKROOT)/Developer/Library/Frameworks",
					"$(inherited)",
				);
				INFOPLIST_FILE = "VeriJSON-SwiftTests/Info.plist";
				LD_RUNPATH_SEARCH_PATHS = "$(inherited) @executable_path/Frameworks @loader_path/Frameworks";
				PRODUCT_NAME = "$(TARGET_NAME)";
				SWIFT_OBJC_BRIDGING_HEADER = "";
				TEST_HOST = "$(BUILT_PRODUCTS_DIR)/VeriJSON-Swift.app/VeriJSON-Swift";
			};
			name = Release;
		};
/* End XCBuildConfiguration section */

/* Begin XCConfigurationList section */
		277CDC111AA8ED3600A12561 /* Build configuration list for PBXProject "VeriJSON-Swift" */ = {
			isa = XCConfigurationList;
			buildConfigurations = (
				277CDC331AA8ED3600A12561 /* Debug */,
				277CDC341AA8ED3600A12561 /* Release */,
			);
			defaultConfigurationIsVisible = 0;
			defaultConfigurationName = Release;
		};
		277CDC351AA8ED3600A12561 /* Build configuration list for PBXNativeTarget "VeriJSON-Swift" */ = {
			isa = XCConfigurationList;
			buildConfigurations = (
				277CDC361AA8ED3600A12561 /* Debug */,
				277CDC371AA8ED3600A12561 /* Release */,
			);
			defaultConfigurationIsVisible = 0;
			defaultConfigurationName = Release;
		};
		277CDC381AA8ED3600A12561 /* Build configuration list for PBXNativeTarget "VeriJSON-SwiftTests" */ = {
			isa = XCConfigurationList;
			buildConfigurations = (
				277CDC391AA8ED3600A12561 /* Debug */,
				277CDC3A1AA8ED3600A12561 /* Release */,
			);
			defaultConfigurationIsVisible = 0;
			defaultConfigurationName = Release;
		};
/* End XCConfigurationList section */
	};
	rootObject = 277CDC0E1AA8ED3600A12561 /* Project object */;
}
